
Microsoft Visual Studio Solution File, Format Version 12.00
# Visual Studio 15
VisualStudioVersion = 15.0.28307.572
MinimumVisualStudioVersion = 10.0.40219.1
Project("{8BC9CEB8-8B4A-11D0-8D11-00A0C91BC942}") = "Balanced Parantheses", "Balanced Parantheses\Balanced Parantheses.vcxproj", "{1E91E521-13D4-440F-9E1D-AA69F8E66E6F}"
EndProject
Global
	GlobalSection(SolutionConfigurationPlatforms) = preSolution
		Debug|x64 = Debug|x64
		Debug|x86 = Debug|x86
		Release|x64 = Release|x64
		Release|x86 = Release|x86
	EndGlobalSection
	GlobalSection(ProjectConfigurationPlatforms) = postSolution
		{1E91E521-13D4-440F-9E1D-AA69F8E66E6F}.Debug|x64.ActiveCfg = Debug|x64
		{1E91E521-13D4-440F-9E1D-AA69F8E66E6F}.Debug|x64.Build.0 = Debug|x64
		{1E91E521-13D4-440F-9E1D-AA69F8E66E6F}.Debug|x86.ActiveCfg = Debug|Win32
		{1E91E521-13D4-440F-9E1D-AA69F8E66E6F}.Debug|x86.Build.0 = Debug|Win32
		{1E91E521-13D4-440F-9E1D-AA69F8E66E6F}.Release|x64.ActiveCfg = Release|x64
		{1E91E521-13D4-440F-9E1D-AA69F8E66E6F}.Release|x64.Build.0 = Release|x64
		{1E91E521-13D4-440F-9E1D-AA69F8E66E6F}.Release|x86.ActiveCfg = Release|Win32
		{1E91E521-13D4-440F-9E1D-AA69F8E66E6F}.Release|x86.Build.0 = Release|Win32
	EndGlobalSection
	GlobalSection(SolutionProperties) = preSolution
		HideSolutionNode = FALSE
	EndGlobalSection
	GlobalSection(ExtensibilityGlobals) = postSolution
		SolutionGuid = {40558DFB-3DB4-446E-8F44-C8E036F8CD61}
	EndGlobalSection
EndGlobal
