
Microsoft Visual Studio Solution File, Format Version 12.00
# Visual Studio 15
VisualStudioVersion = 15.0.28307.271
MinimumVisualStudioVersion = 10.0.40219.1
Project("{8BC9CEB8-8B4A-11D0-8D11-00A0C91BC942}") = "Multi-Dimensional Arrays and Pointers", "Multi-Dimensional Arrays and Pointers\Multi-Dimensional Arrays and Pointers.vcxproj", "{DA8454FF-924A-4AF5-B967-F898BEBAFEB6}"
EndProject
Global
	GlobalSection(SolutionConfigurationPlatforms) = preSolution
		Debug|x64 = Debug|x64
		Debug|x86 = Debug|x86
		Release|x64 = Release|x64
		Release|x86 = Release|x86
	EndGlobalSection
	GlobalSection(ProjectConfigurationPlatforms) = postSolution
		{DA8454FF-924A-4AF5-B967-F898BEBAFEB6}.Debug|x64.ActiveCfg = Debug|x64
		{DA8454FF-924A-4AF5-B967-F898BEBAFEB6}.Debug|x64.Build.0 = Debug|x64
		{DA8454FF-924A-4AF5-B967-F898BEBAFEB6}.Debug|x86.ActiveCfg = Debug|Win32
		{DA8454FF-924A-4AF5-B967-F898BEBAFEB6}.Debug|x86.Build.0 = Debug|Win32
		{DA8454FF-924A-4AF5-B967-F898BEBAFEB6}.Release|x64.ActiveCfg = Release|x64
		{DA8454FF-924A-4AF5-B967-F898BEBAFEB6}.Release|x64.Build.0 = Release|x64
		{DA8454FF-924A-4AF5-B967-F898BEBAFEB6}.Release|x86.ActiveCfg = Release|Win32
		{DA8454FF-924A-4AF5-B967-F898BEBAFEB6}.Release|x86.Build.0 = Release|Win32
	EndGlobalSection
	GlobalSection(SolutionProperties) = preSolution
		HideSolutionNode = FALSE
	EndGlobalSection
	GlobalSection(ExtensibilityGlobals) = postSolution
		SolutionGuid = {E4CDF608-AC93-4C83-907F-BDF19338379E}
	EndGlobalSection
EndGlobal
